
Microsoft Visual Studio Solution File, Format Version 12.00
# Visual Studio Version 17
VisualStudioVersion = 17.2.32602.215
MinimumVisualStudioVersion = 10.0.40219.1
Project("{2150E333-8FDC-42A3-9474-1A3956D46DE8}") = "tests", "tests", "{746BE55C-D565-4259-B6C9-52777490547F}"
EndProject
Project("{9A19103F-16F7-4668-BE54-9A1E7A4F7556}") = "Unity.Tests", "tests\Unity.Tests\Unity.Tests.csproj", "{FC7CC516-90D9-45A2-9034-4E84D01C80AE}"
EndProject
Project("{2150E333-8FDC-42A3-9474-1A3956D46DE8}") = "src", "src", "{D8E492F0-192C-4651-AF17-281923D8C41F}"
EndProject
Project("{9A19103F-16F7-4668-BE54-9A1E7A4F7556}") = "Application", "src\Application\Application.csproj", "{40FAF7A0-B4B2-4A6E-8FA8-B77FA22A5BDF}"
EndProject
Project("{9A19103F-16F7-4668-BE54-9A1E7A4F7556}") = "Domain", "src\Domain\Domain.csproj", "{7BFAD301-1C19-4E43-BB81-CBD540715616}"
EndProject
Project("{9A19103F-16F7-4668-BE54-9A1E7A4F7556}") = "Infrastructure", "src\Infrastructure\Infrastructure.csproj", "{A84079BB-7CA0-4E37-B7E4-571D626F2FF5}"
EndProject
Project("{9A19103F-16F7-4668-BE54-9A1E7A4F7556}") = "UI", "src\UI\UI.csproj", "{D741E52D-179E-4E34-8270-685B54A87969}"
EndProject
Global
	GlobalSection(SolutionConfigurationPlatforms) = preSolution
		Debug|Any CPU = Debug|Any CPU
		Release|Any CPU = Release|Any CPU
	EndGlobalSection
	GlobalSection(ProjectConfigurationPlatforms) = postSolution
		{FC7CC516-90D9-45A2-9034-4E84D01C80AE}.Debug|Any CPU.ActiveCfg = Debug|Any CPU
		{FC7CC516-90D9-45A2-9034-4E84D01C80AE}.Debug|Any CPU.Build.0 = Debug|Any CPU
		{FC7CC516-90D9-45A2-9034-4E84D01C80AE}.Release|Any CPU.ActiveCfg = Release|Any CPU
		{FC7CC516-90D9-45A2-9034-4E84D01C80AE}.Release|Any CPU.Build.0 = Release|Any CPU
		{40FAF7A0-B4B2-4A6E-8FA8-B77FA22A5BDF}.Debug|Any CPU.ActiveCfg = Debug|Any CPU
		{40FAF7A0-B4B2-4A6E-8FA8-B77FA22A5BDF}.Debug|Any CPU.Build.0 = Debug|Any CPU
		{40FAF7A0-B4B2-4A6E-8FA8-B77FA22A5BDF}.Release|Any CPU.ActiveCfg = Release|Any CPU
		{40FAF7A0-B4B2-4A6E-8FA8-B77FA22A5BDF}.Release|Any CPU.Build.0 = Release|Any CPU
		{7BFAD301-1C19-4E43-BB81-CBD540715616}.Debug|Any CPU.ActiveCfg = Debug|Any CPU
		{7BFAD301-1C19-4E43-BB81-CBD540715616}.Debug|Any CPU.Build.0 = Debug|Any CPU
		{7BFAD301-1C19-4E43-BB81-CBD540715616}.Release|Any CPU.ActiveCfg = Release|Any CPU
		{7BFAD301-1C19-4E43-BB81-CBD540715616}.Release|Any CPU.Build.0 = Release|Any CPU
		{A84079BB-7CA0-4E37-B7E4-571D626F2FF5}.Debug|Any CPU.ActiveCfg = Debug|Any CPU
		{A84079BB-7CA0-4E37-B7E4-571D626F2FF5}.Debug|Any CPU.Build.0 = Debug|Any CPU
		{A84079BB-7CA0-4E37-B7E4-571D626F2FF5}.Release|Any CPU.ActiveCfg = Release|Any CPU
		{A84079BB-7CA0-4E37-B7E4-571D626F2FF5}.Release|Any CPU.Build.0 = Release|Any CPU
		{D741E52D-179E-4E34-8270-685B54A87969}.Debug|Any CPU.ActiveCfg = Debug|Any CPU
		{D741E52D-179E-4E34-8270-685B54A87969}.Debug|Any CPU.Build.0 = Debug|Any CPU
		{D741E52D-179E-4E34-8270-685B54A87969}.Release|Any CPU.ActiveCfg = Release|Any CPU
		{D741E52D-179E-4E34-8270-685B54A87969}.Release|Any CPU.Build.0 = Release|Any CPU
	EndGlobalSection
	GlobalSection(SolutionProperties) = preSolution
		HideSolutionNode = FALSE
	EndGlobalSection
	GlobalSection(NestedProjects) = preSolution
		{FC7CC516-90D9-45A2-9034-4E84D01C80AE} = {746BE55C-D565-4259-B6C9-52777490547F}
		{40FAF7A0-B4B2-4A6E-8FA8-B77FA22A5BDF} = {D8E492F0-192C-4651-AF17-281923D8C41F}
		{7BFAD301-1C19-4E43-BB81-CBD540715616} = {D8E492F0-192C-4651-AF17-281923D8C41F}
		{A84079BB-7CA0-4E37-B7E4-571D626F2FF5} = {D8E492F0-192C-4651-AF17-281923D8C41F}
		{D741E52D-179E-4E34-8270-685B54A87969} = {D8E492F0-192C-4651-AF17-281923D8C41F}
	EndGlobalSection
	GlobalSection(ExtensibilityGlobals) = postSolution
		SolutionGuid = {97ABF0C6-C602-425E-8290-AE20D43C5DAD}
	EndGlobalSection
EndGlobal
